
Microsoft Visual Studio Solution File, Format Version 12.00
# Visual Studio Version 16
VisualStudioVersion = 16.0.29102.190
MinimumVisualStudioVersion = 10.0.40219.1
Project("{FAE04EC0-301F-11D3-BF4B-00C04F79EFBC}") = "BaseAPI", "BaseAPI\BaseAPI.csproj", "{19703073-7371-4731-BA9D-412EB33D1A8D}"
EndProject
Global
	GlobalSection(SolutionConfigurationPlatforms) = preSolution
		Debug|Any CPU = Debug|Any CPU
		Release|Any CPU = Release|Any CPU
	EndGlobalSection
	GlobalSection(ProjectConfigurationPlatforms) = postSolution
		{19703073-7371-4731-BA9D-412EB33D1A8D}.Debug|Any CPU.ActiveCfg = Debug|Any CPU
		{19703073-7371-4731-BA9D-412EB33D1A8D}.Debug|Any CPU.Build.0 = Debug|Any CPU
		{19703073-7371-4731-BA9D-412EB33D1A8D}.Release|Any CPU.ActiveCfg = Release|Any CPU
		{19703073-7371-4731-BA9D-412EB33D1A8D}.Release|Any CPU.Build.0 = Release|Any CPU
	EndGlobalSection
	GlobalSection(SolutionProperties) = preSolution
		HideSolutionNode = FALSE
	EndGlobalSection
	GlobalSection(ExtensibilityGlobals) = postSolution
		SolutionGuid = {F841AF86-79E7-4236-8C56-DA272BF606A3}
	EndGlobalSection
EndGlobal
